Microsoft Visual Studio Solution File, Format Version 11.00
# Visual Studio 2012
Project("{BD26B4C3-163D-4785-A63F-D3E66858BFF3}") = "Dexed", "Dexed.vcxproj", "{1A9EF105-5BF5-9FB6-9634-A91A6D840866}"
EndProject
Global
	GlobalSection(SolutionConfigurationPlatforms) = preSolution
		Debug|Win32 = Debug|Win32
		Release|Win32 = Release|Win32
	EndGlobalSection
	GlobalSection(ProjectConfigurationPlatforms) = postSolution
		{1A9EF105-5BF5-9FB6-9634-A91A6D840866}.Debug|Win32.ActiveCfg = Debug|Win32
		{1A9EF105-5BF5-9FB6-9634-A91A6D840866}.Debug|Win32.Build.0 = Debug|Win32
		{1A9EF105-5BF5-9FB6-9634-A91A6D840866}.Release|Win32.ActiveCfg = Release|Win32
		{1A9EF105-5BF5-9FB6-9634-A91A6D840866}.Release|Win32.Build.0 = Release|Win32
	EndGlobalSection
	GlobalSection(SolutionProperties) = preSolution
		HideSolutionNode = FALSE
	EndGlobalSection
EndGlobal
